
Microsoft Visual Studio Solution File, Format Version 12.00
# Visual Studio 15
VisualStudioVersion = 15.0.26124.0
MinimumVisualStudioVersion = 15.0.26124.0
Project("{2150E333-8FDC-42A3-9474-1A3956D46DE8}") = "src", "src", "{CF8B2A1C-E2C4-4601-AB99-B678A0422130}"
EndProject
Project("{FAE04EC0-301F-11D3-BF4B-00C04F79EFBC}") = "PaperwoffNet.Core", "src\PaperwoffNet.Core\PaperwoffNet.Core.csproj", "{687FACE9-3E26-446F-A1AF-3596F111104E}"
EndProject
Project("{FAE04EC0-301F-11D3-BF4B-00C04F79EFBC}") = "PaperwoffNet.Infrastructure", "src\PaperwoffNet.Infrastructure\PaperwoffNet.Infrastructure.csproj", "{D05922DF-1F60-490B-AC57-7659A573A30A}"
EndProject
Project("{FAE04EC0-301F-11D3-BF4B-00C04F79EFBC}") = "PaperwoffNet.Web", "src\PaperwoffNet.Web\PaperwoffNet.Web.csproj", "{6B7E4C17-4DBF-4B38-8D46-852E039273A3}"
EndProject
Global
	GlobalSection(SolutionConfigurationPlatforms) = preSolution
		Debug|Any CPU = Debug|Any CPU
		Debug|x64 = Debug|x64
		Debug|x86 = Debug|x86
		Release|Any CPU = Release|Any CPU
		Release|x64 = Release|x64
		Release|x86 = Release|x86
	EndGlobalSection
	GlobalSection(SolutionProperties) = preSolution
		HideSolutionNode = FALSE
	EndGlobalSection
	GlobalSection(ProjectConfigurationPlatforms) = postSolution
		{687FACE9-3E26-446F-A1AF-3596F111104E}.Debug|Any CPU.ActiveCfg = Debug|Any CPU
		{687FACE9-3E26-446F-A1AF-3596F111104E}.Debug|Any CPU.Build.0 = Debug|Any CPU
		{687FACE9-3E26-446F-A1AF-3596F111104E}.Debug|x64.ActiveCfg = Debug|Any CPU
		{687FACE9-3E26-446F-A1AF-3596F111104E}.Debug|x64.Build.0 = Debug|Any CPU
		{687FACE9-3E26-446F-A1AF-3596F111104E}.Debug|x86.ActiveCfg = Debug|Any CPU
		{687FACE9-3E26-446F-A1AF-3596F111104E}.Debug|x86.Build.0 = Debug|Any CPU
		{687FACE9-3E26-446F-A1AF-3596F111104E}.Release|Any CPU.ActiveCfg = Release|Any CPU
		{687FACE9-3E26-446F-A1AF-3596F111104E}.Release|Any CPU.Build.0 = Release|Any CPU
		{687FACE9-3E26-446F-A1AF-3596F111104E}.Release|x64.ActiveCfg = Release|Any CPU
		{687FACE9-3E26-446F-A1AF-3596F111104E}.Release|x64.Build.0 = Release|Any CPU
		{687FACE9-3E26-446F-A1AF-3596F111104E}.Release|x86.ActiveCfg = Release|Any CPU
		{687FACE9-3E26-446F-A1AF-3596F111104E}.Release|x86.Build.0 = Release|Any CPU
		{D05922DF-1F60-490B-AC57-7659A573A30A}.Debug|Any CPU.ActiveCfg = Debug|Any CPU
		{D05922DF-1F60-490B-AC57-7659A573A30A}.Debug|Any CPU.Build.0 = Debug|Any CPU
		{D05922DF-1F60-490B-AC57-7659A573A30A}.Debug|x64.ActiveCfg = Debug|Any CPU
		{D05922DF-1F60-490B-AC57-7659A573A30A}.Debug|x64.Build.0 = Debug|Any CPU
		{D05922DF-1F60-490B-AC57-7659A573A30A}.Debug|x86.ActiveCfg = Debug|Any CPU
		{D05922DF-1F60-490B-AC57-7659A573A30A}.Debug|x86.Build.0 = Debug|Any CPU
		{D05922DF-1F60-490B-AC57-7659A573A30A}.Release|Any CPU.ActiveCfg = Release|Any CPU
		{D05922DF-1F60-490B-AC57-7659A573A30A}.Release|Any CPU.Build.0 = Release|Any CPU
		{D05922DF-1F60-490B-AC57-7659A573A30A}.Release|x64.ActiveCfg = Release|Any CPU
		{D05922DF-1F60-490B-AC57-7659A573A30A}.Release|x64.Build.0 = Release|Any CPU
		{D05922DF-1F60-490B-AC57-7659A573A30A}.Release|x86.ActiveCfg = Release|Any CPU
		{D05922DF-1F60-490B-AC57-7659A573A30A}.Release|x86.Build.0 = Release|Any CPU
		{6B7E4C17-4DBF-4B38-8D46-852E039273A3}.Debug|Any CPU.ActiveCfg = Debug|Any CPU
		{6B7E4C17-4DBF-4B38-8D46-852E039273A3}.Debug|Any CPU.Build.0 = Debug|Any CPU
		{6B7E4C17-4DBF-4B38-8D46-852E039273A3}.Debug|x64.ActiveCfg = Debug|Any CPU
		{6B7E4C17-4DBF-4B38-8D46-852E039273A3}.Debug|x64.Build.0 = Debug|Any CPU
		{6B7E4C17-4DBF-4B38-8D46-852E039273A3}.Debug|x86.ActiveCfg = Debug|Any CPU
		{6B7E4C17-4DBF-4B38-8D46-852E039273A3}.Debug|x86.Build.0 = Debug|Any CPU
		{6B7E4C17-4DBF-4B38-8D46-852E039273A3}.Release|Any CPU.ActiveCfg = Release|Any CPU
		{6B7E4C17-4DBF-4B38-8D46-852E039273A3}.Release|Any CPU.Build.0 = Release|Any CPU
		{6B7E4C17-4DBF-4B38-8D46-852E039273A3}.Release|x64.ActiveCfg = Release|Any CPU
		{6B7E4C17-4DBF-4B38-8D46-852E039273A3}.Release|x64.Build.0 = Release|Any CPU
		{6B7E4C17-4DBF-4B38-8D46-852E039273A3}.Release|x86.ActiveCfg = Release|Any CPU
		{6B7E4C17-4DBF-4B38-8D46-852E039273A3}.Release|x86.Build.0 = Release|Any CPU
	EndGlobalSection
	GlobalSection(NestedProjects) = preSolution
		{687FACE9-3E26-446F-A1AF-3596F111104E} = {CF8B2A1C-E2C4-4601-AB99-B678A0422130}
		{D05922DF-1F60-490B-AC57-7659A573A30A} = {CF8B2A1C-E2C4-4601-AB99-B678A0422130}
		{6B7E4C17-4DBF-4B38-8D46-852E039273A3} = {CF8B2A1C-E2C4-4601-AB99-B678A0422130}
	EndGlobalSection
EndGlobal
